
Microsoft Visual Studio Solution File, Format Version 12.00
# Visual Studio 15
VisualStudioVersion = 15.0.27004.2009
MinimumVisualStudioVersion = 10.0.40219.1
Project("{8BC9CEB8-8B4A-11D0-8D11-00A0C91BC942}") = "UDPServer", "UDPServer\UDPServer.vcxproj", "{B5C83199-8AA8-4A73-B0E8-069D2DA70CE5}"
EndProject
Global
	GlobalSection(SolutionConfigurationPlatforms) = preSolution
		Debug|x64 = Debug|x64
		Debug|x86 = Debug|x86
		Release|x64 = Release|x64
		Release|x86 = Release|x86
	EndGlobalSection
	GlobalSection(ProjectConfigurationPlatforms) = postSolution
		{B5C83199-8AA8-4A73-B0E8-069D2DA70CE5}.Debug|x64.ActiveCfg = Debug|x64
		{B5C83199-8AA8-4A73-B0E8-069D2DA70CE5}.Debug|x64.Build.0 = Debug|x64
		{B5C83199-8AA8-4A73-B0E8-069D2DA70CE5}.Debug|x86.ActiveCfg = Debug|Win32
		{B5C83199-8AA8-4A73-B0E8-069D2DA70CE5}.Debug|x86.Build.0 = Debug|Win32
		{B5C83199-8AA8-4A73-B0E8-069D2DA70CE5}.Release|x64.ActiveCfg = Release|x64
		{B5C83199-8AA8-4A73-B0E8-069D2DA70CE5}.Release|x64.Build.0 = Release|x64
		{B5C83199-8AA8-4A73-B0E8-069D2DA70CE5}.Release|x86.ActiveCfg = Release|Win32
		{B5C83199-8AA8-4A73-B0E8-069D2DA70CE5}.Release|x86.Build.0 = Release|Win32
	EndGlobalSection
	GlobalSection(SolutionProperties) = preSolution
		HideSolutionNode = FALSE
	EndGlobalSection
	GlobalSection(ExtensibilityGlobals) = postSolution
		SolutionGuid = {C9B81B13-23EF-4D3A-AC13-B71D64E430C1}
	EndGlobalSection
EndGlobal
